
Microsoft Visual Studio Solution File, Format Version 12.00
# Visual Studio 2010
Project("{FAE04EC0-301F-11D3-BF4B-00C04F79EFBC}") = "EZPlayer", "EZPlayer\EZPlayer.csproj", "{EBEEAA78-CDE5-403B-A157-559656B1C063}"
EndProject
Project("{FAE04EC0-301F-11D3-BF4B-00C04F79EFBC}") = "Common", "Common\Common.csproj", "{70A270CC-D782-4191-8342-2D56849705D2}"
EndProject
Global
	GlobalSection(SolutionConfigurationPlatforms) = preSolution
		Debug|Any CPU = Debug|Any CPU
		Debug|Mixed Platforms = Debug|Mixed Platforms
		Debug|x86 = Debug|x86
		Release|Any CPU = Release|Any CPU
		Release|Mixed Platforms = Release|Mixed Platforms
		Release|x86 = Release|x86
	EndGlobalSection
	GlobalSection(ProjectConfigurationPlatforms) = postSolution
		{EBEEAA78-CDE5-403B-A157-559656B1C063}.Debug|Any CPU.ActiveCfg = Debug|Any CPU
		{EBEEAA78-CDE5-403B-A157-559656B1C063}.Debug|Any CPU.Build.0 = Debug|Any CPU
		{EBEEAA78-CDE5-403B-A157-559656B1C063}.Debug|Mixed Platforms.ActiveCfg = Debug|Any CPU
		{EBEEAA78-CDE5-403B-A157-559656B1C063}.Debug|Mixed Platforms.Build.0 = Debug|Any CPU
		{EBEEAA78-CDE5-403B-A157-559656B1C063}.Debug|x86.ActiveCfg = Debug|Any CPU
		{EBEEAA78-CDE5-403B-A157-559656B1C063}.Release|Any CPU.ActiveCfg = Release|Any CPU
		{EBEEAA78-CDE5-403B-A157-559656B1C063}.Release|Any CPU.Build.0 = Release|Any CPU
		{EBEEAA78-CDE5-403B-A157-559656B1C063}.Release|Mixed Platforms.ActiveCfg = Release|Any CPU
		{EBEEAA78-CDE5-403B-A157-559656B1C063}.Release|Mixed Platforms.Build.0 = Release|Any CPU
		{EBEEAA78-CDE5-403B-A157-559656B1C063}.Release|x86.ActiveCfg = Release|Any CPU
		{70A270CC-D782-4191-8342-2D56849705D2}.Debug|Any CPU.ActiveCfg = Debug|Any CPU
		{70A270CC-D782-4191-8342-2D56849705D2}.Debug|Any CPU.Build.0 = Debug|Any CPU
		{70A270CC-D782-4191-8342-2D56849705D2}.Debug|Mixed Platforms.ActiveCfg = Debug|Any CPU
		{70A270CC-D782-4191-8342-2D56849705D2}.Debug|Mixed Platforms.Build.0 = Debug|Any CPU
		{70A270CC-D782-4191-8342-2D56849705D2}.Debug|x86.ActiveCfg = Debug|Any CPU
		{70A270CC-D782-4191-8342-2D56849705D2}.Release|Any CPU.ActiveCfg = Release|Any CPU
		{70A270CC-D782-4191-8342-2D56849705D2}.Release|Any CPU.Build.0 = Release|Any CPU
		{70A270CC-D782-4191-8342-2D56849705D2}.Release|Mixed Platforms.ActiveCfg = Release|Any CPU
		{70A270CC-D782-4191-8342-2D56849705D2}.Release|Mixed Platforms.Build.0 = Release|Any CPU
		{70A270CC-D782-4191-8342-2D56849705D2}.Release|x86.ActiveCfg = Release|Any CPU
	EndGlobalSection
	GlobalSection(SolutionProperties) = preSolution
		HideSolutionNode = FALSE
	EndGlobalSection
EndGlobal
